{
  "name": "benchmark",
  "version": "0.0.0",
  "lockfileVersion": 3,
  "requires": true,
  "packages": {
    "": {
      "name": "benchmark",
      "version": "0.0.0",
      "license": "Apache-2.0",
      "devDependencies": {
        "better-sqlite3": "^9.4.3",
        "embedded-postgres": "16.2.0-beta.11"
      }
    },
    "../../node_modules/.pnpm/better-sqlite3@9.4.3/node_modules/better-sqlite3": {
      "version": "9.4.3",
      "dev": true,
      "hasInstallScript": true,
      "license": "MIT",
      "dependencies": {
        "bindings": "^1.5.0",
        "prebuild-install": "^7.1.1"
      },
      "devDependencies": {
        "chai": "^4.3.8",
        "cli-color": "^2.0.3",
        "fs-extra": "^11.1.1",
        "mocha": "^10.2.0",
        "nodemark": "^0.3.0",
        "prebuild": "^12.0.0",
        "sqlite": "^5.0.1",
        "sqlite3": "^5.1.6"
      }
    },
    "../../node_modules/.pnpm/embedded-postgres@16.2.0-beta.11/node_modules/embedded-postgres": {
      "version": "16.2.0-beta.11",
      "dev": true,
      "license": "MIT",
      "dependencies": {
        "async-exit-hook": "^2.0.1",
        "pg": "^8.7.3"
      },
      "devDependencies": {
        "@embedded-postgres/symlink-reader": "^16.2.0-beta.11",
        "@types/async-exit-hook": "^2.0.0",
        "@types/pg": "^8.6.5",
        "eslint": "^8.56.0",
        "typescript": "^4.7.3",
        "vitest": "^1.1.0"
      },
      "engines": {
        "node": ">=16"
      },
      "optionalDependencies": {
        "@embedded-postgres/darwin-arm64": "^16.2.0-beta.11",
        "@embedded-postgres/darwin-x64": "^16.2.0-beta.11",
        "@embedded-postgres/linux-arm": "^16.2.0-beta.11",
        "@embedded-postgres/linux-arm64": "^16.2.0-beta.11",
        "@embedded-postgres/linux-ia32": "^16.2.0-beta.11",
        "@embedded-postgres/linux-ppc64": "^16.2.0-beta.11",
        "@embedded-postgres/linux-x64": "^16.2.0-beta.11",
        "@embedded-postgres/windows-x64": "^16.2.0-beta.11"
      }
    },
    "node_modules/better-sqlite3": {
      "resolved": "../../node_modules/.pnpm/better-sqlite3@9.4.3/node_modules/better-sqlite3",
      "link": true
    },
    "node_modules/embedded-postgres": {
      "resolved": "../../node_modules/.pnpm/embedded-postgres@16.2.0-beta.11/node_modules/embedded-postgres",
      "link": true
    }
  }
}
